
Microsoft Visual Studio Solution File, Format Version 12.00
# Visual Studio Version 17
VisualStudioVersion = 17.8.34330.188
MinimumVisualStudioVersion = 10.0.40219.1
Project("{FAE04EC0-301F-11D3-BF4B-00C04F79EFBC}") = "wsSendingService", "wsSendingService\wsSendingService.csproj", "{9CEEA94D-B641-43FF-BE18-121A401AEEB6}"
EndProject
Global
	GlobalSection(SolutionConfigurationPlatforms) = preSolution
		Debug|Any CPU = Debug|Any CPU
		Release|Any CPU = Release|Any CPU
	EndGlobalSection
	GlobalSection(ProjectConfigurationPlatforms) = postSolution
		{9CEEA94D-B641-43FF-BE18-121A401AEEB6}.Debug|Any CPU.ActiveCfg = Debug|Any CPU
		{9CEEA94D-B641-43FF-BE18-121A401AEEB6}.Debug|Any CPU.Build.0 = Debug|Any CPU
		{9CEEA94D-B641-43FF-BE18-121A401AEEB6}.Release|Any CPU.ActiveCfg = Release|Any CPU
		{9CEEA94D-B641-43FF-BE18-121A401AEEB6}.Release|Any CPU.Build.0 = Release|Any CPU
	EndGlobalSection
	GlobalSection(SolutionProperties) = preSolution
		HideSolutionNode = FALSE
	EndGlobalSection
	GlobalSection(ExtensibilityGlobals) = postSolution
		SolutionGuid = {C0C4FA89-8B4F-4A87-A8E9-5766B936FDA2}
	EndGlobalSection
EndGlobal
